// !$*UTF8*$!
{
	archiveVersion = 1;
	classes = {
	};
	objectVersion = 42;
	objects = {
		D7BA7D76DAB5DD13389D6332 = {
			buildActionMask = 2147483647;
			files = (
				);
			generatedFileNames = (
				);
			isa = PBXShellScriptBuildPhase;
			name = "Qt Qmake";
			neededFileNames = (
				);
			shellPath = "/bin/sh";
			shellScript = "make\ -C\ /Data/FEL/2009/LCLS_beamtime_09/xtc/offlinecass/cass\ -f\ cass.xcodeproj/qt_makeqmake.mak";
		};
		3F6C22806F311849CE130113 = {
			isa = PBXFileReference;
			name = "cass.cpp";
			path = "cass.cpp";
			refType = 4;
			lastKnownFileType = "sourcecode.cpp.cpp";
		};
		3609228A5739686D3B162500 = {
			fileRef = "3F6C22806F311849CE130113";
			isa = PBXBuildFile;
			settings = {
				ATTRIBUTES = (
					);
			};
		};
		E068DF7AD2A4AF27F71AB6C2 = {
			isa = PBXFileReference;
			name = "analyzer.cpp";
			path = "analyzer.cpp";
			refType = 4;
			lastKnownFileType = "sourcecode.cpp.cpp";
		};
		5979DE2181DA510F893D227D = {
			fileRef = "E068DF7AD2A4AF27F71AB6C2";
			isa = PBXBuildFile;
			settings = {
				ATTRIBUTES = (
					);
			};
		};
		1487507560CB142B96757E2A = {
			isa = PBXFileReference;
			name = "file_input.cpp";
			path = "file_input.cpp";
			refType = 4;
			lastKnownFileType = "sourcecode.cpp.cpp";
		};
		C705C0784C052D79AAD3179D = {
			fileRef = "1487507560CB142B96757E2A";
			isa = PBXBuildFile;
			settings = {
				ATTRIBUTES = (
					);
			};
		};
		990C3FBFE866D51F28EA0C09 = {
			isa = PBXFileReference;
			name = "format_converter.cpp";
			path = "format_converter.cpp";
			refType = 4;
			lastKnownFileType = "sourcecode.cpp.cpp";
		};
		6C35C8FD53FC8FB2A4FA0A41 = {
			fileRef = "990C3FBFE866D51F28EA0C09";
			isa = PBXBuildFile;
			settings = {
				ATTRIBUTES = (
					);
			};
		};
		764D1A90CCDF4FC8487C56BE = {
			isa = PBXFileReference;
			name = "cass_event.cpp";
			path = "cass_event.cpp";
			refType = 4;
			lastKnownFileType = "sourcecode.cpp.cpp";
		};
		DFBBD41B5D9C6BF8BA0C329D = {
			fileRef = "764D1A90CCDF4FC8487C56BE";
			isa = PBXBuildFile;
			settings = {
				ATTRIBUTES = (
					);
			};
		};
		E873BC05EC42C7F9658BF226 = {
			isa = PBXFileReference;
			name = "xtciterator.cpp";
			path = "xtciterator.cpp";
			refType = 4;
			lastKnownFileType = "sourcecode.cpp.cpp";
		};
		E13421A2B0B2066B6F24326A = {
			fileRef = "E873BC05EC42C7F9658BF226";
			isa = PBXBuildFile;
			settings = {
				ATTRIBUTES = (
					);
			};
		};
		5992847121101FAD07ABD545 = {
			isa = PBXFileReference;
			name = "ratemeter.cpp";
			path = "ratemeter.cpp";
			refType = 4;
			lastKnownFileType = "sourcecode.cpp.cpp";
		};
		7D74F5DAF897349E5611482E = {
			fileRef = "5992847121101FAD07ABD545";
			isa = PBXBuildFile;
			settings = {
				ATTRIBUTES = (
					);
			};
		};
		8788905DC559ED8794AE50A2 = {
			isa = PBXFileReference;
			name = "dialog.cpp";
			path = "dialog.cpp";
			refType = 4;
			lastKnownFileType = "sourcecode.cpp.cpp";
		};
		CAD9CA17808811522B1E58F5 = {
			fileRef = "8788905DC559ED8794AE50A2";
			isa = PBXBuildFile;
			settings = {
				ATTRIBUTES = (
					);
			};
		};
		F8BDB6C9C0FFDF4A1585A712 = {
			isa = PBXFileReference;
			name = "worker.cpp";
			path = "worker.cpp";
			refType = 4;
			lastKnownFileType = "sourcecode.cpp.cpp";
		};
		324DD8C11238BA3E6A9444A2 = {
			fileRef = "F8BDB6C9C0FFDF4A1585A712";
			isa = PBXBuildFile;
			settings = {
				ATTRIBUTES = (
					);
			};
		};
		B28745549218578EDCB1522C = {
			isa = PBXFileReference;
			name = "post_processor.cpp";
			path = "post_processor.cpp";
			refType = 4;
			lastKnownFileType = "sourcecode.cpp.cpp";
		};
		AA5112362192405EA64492E4 = {
			fileRef = "B28745549218578EDCB1522C";
			isa = PBXBuildFile;
			settings = {
				ATTRIBUTES = (
					);
			};
		};
		EE8026F064BD844CA3528D6F = {
			isa = PBXFileReference;
			name = "moc_analyzer.cpp";
			path = "moc_analyzer.cpp";
			refType = 4;
			lastKnownFileType = "sourcecode.cpp.cpp";
		};
		852245582C9D3C8059ACF783 = {
			fileRef = "EE8026F064BD844CA3528D6F";
			isa = PBXBuildFile;
			settings = {
				ATTRIBUTES = (
					);
			};
		};
		CEE609D3D86E1755AC8E0EE4 = {
			isa = PBXFileReference;
			name = "moc_file_input.cpp";
			path = "moc_file_input.cpp";
			refType = 4;
			lastKnownFileType = "sourcecode.cpp.cpp";
		};
		C7B7AAE8D250E8D7E4754525 = {
			fileRef = "CEE609D3D86E1755AC8E0EE4";
			isa = PBXBuildFile;
			settings = {
				ATTRIBUTES = (
					);
			};
		};
		C398263DF8C95028818F4FE6 = {
			isa = PBXFileReference;
			name = "moc_ratemeter.cpp";
			path = "moc_ratemeter.cpp";
			refType = 4;
			lastKnownFileType = "sourcecode.cpp.cpp";
		};
		9E642F3E88AB4303366F5FC3 = {
			fileRef = "C398263DF8C95028818F4FE6";
			isa = PBXBuildFile;
			settings = {
				ATTRIBUTES = (
					);
			};
		};
		D59E32DFD91474474C349F2F = {
			isa = PBXFileReference;
			name = "moc_dialog.cpp";
			path = "moc_dialog.cpp";
			refType = 4;
			lastKnownFileType = "sourcecode.cpp.cpp";
		};
		72DD04910C2879B645824579 = {
			fileRef = "D59E32DFD91474474C349F2F";
			isa = PBXBuildFile;
			settings = {
				ATTRIBUTES = (
					);
			};
		};
		D47B5F89E99C27126018DF8C = {
			isa = PBXFileReference;
			name = "moc_worker.cpp";
			path = "moc_worker.cpp";
			refType = 4;
			lastKnownFileType = "sourcecode.cpp.cpp";
		};
		83CB2BAF7FFCC1146CFF2C29 = {
			fileRef = "D47B5F89E99C27126018DF8C";
			isa = PBXBuildFile;
			settings = {
				ATTRIBUTES = (
					);
			};
		};
		1015A183D12088C4055ED5CB = {
			isa = PBXFileReference;
			name = "analysis_backend.h";
			path = "analysis_backend.h";
			refType = 4;
		};
		F79E32A8773566C5DBEBE7FE = {
			isa = PBXFileReference;
			name = "analyzer.h";
			path = "analyzer.h";
			refType = 4;
		};
		35F3BF945496E3A789424637 = {
			isa = PBXFileReference;
			name = "conversion_backend.h";
			path = "conversion_backend.h";
			refType = 4;
		};
		005E16E08557EFFCD21A2AAA = {
			isa = PBXFileReference;
			name = "file_input.h";
			path = "file_input.h";
			refType = 4;
		};
		7DD199B03227FDA85D83BF93 = {
			isa = PBXFileReference;
			name = "format_converter.h";
			path = "format_converter.h";
			refType = 4;
		};
		B8BF24139E3650FB6C8BFBDB = {
			isa = PBXFileReference;
			name = "cass.h";
			path = "cass.h";
			refType = 4;
		};
		7A3EF008F4EAA4EF3EFCA38C = {
			isa = PBXFileReference;
			name = "cass_event.h";
			path = "cass_event.h";
			refType = 4;
		};
		7998AA679445AA8B4C517B7C = {
			isa = PBXFileReference;
			name = "xtciterator.h";
			path = "xtciterator.h";
			refType = 4;
		};
		900AF0C89BA7DB31E9122452 = {
			isa = PBXFileReference;
			name = "parameter_backend.h";
			path = "parameter_backend.h";
			refType = 4;
		};
		2268C812A9446B8B795EF9D8 = {
			isa = PBXFileReference;
			name = "ratemeter.h";
			path = "ratemeter.h";
			refType = 4;
		};
		3EE2769709197BE7C972E257 = {
			isa = PBXFileReference;
			name = "dialog.h";
			path = "dialog.h";
			refType = 4;
		};
		B4F3FD2B4ECC2A660D84B11E = {
			isa = PBXFileReference;
			name = "ringbuffer.h";
			path = "ringbuffer.h";
			refType = 4;
		};
		8FA330CDAE2D5883579B7D0F = {
			isa = PBXFileReference;
			name = "worker.h";
			path = "worker.h";
			refType = 4;
		};
		DFB4AE0241F18D24C658BEF5 = {
			isa = PBXFileReference;
			name = "post_processor.h";
			path = "post_processor.h";
			refType = 4;
		};
		B8DE722198EEEAA33A04FA71 = {
			isa = PBXFileReference;
			name = "cass.pro";
			path = "cass.pro";
			refType = 4;
		};
		883D7615C4D2DE3FA1218F12 = {
			isa = PBXGroup;
			children = (
				"1015A183D12088C4055ED5CB",
				"F79E32A8773566C5DBEBE7FE",
				"35F3BF945496E3A789424637",
				"005E16E08557EFFCD21A2AAA",
				"7DD199B03227FDA85D83BF93",
				"B8BF24139E3650FB6C8BFBDB",
				"7A3EF008F4EAA4EF3EFCA38C",
				"7998AA679445AA8B4C517B7C",
				"900AF0C89BA7DB31E9122452",
				"2268C812A9446B8B795EF9D8",
				"3EE2769709197BE7C972E257",
				"B4F3FD2B4ECC2A660D84B11E",
				"8FA330CDAE2D5883579B7D0F",
				"DFB4AE0241F18D24C658BEF5");
			name = "Headers";
			refType = 4;
		};
		FB61758D0F0FDA4BA867C3D5 = {
			isa = PBXGroup;
			children = (
				"3F6C22806F311849CE130113",
				"E068DF7AD2A4AF27F71AB6C2",
				"1487507560CB142B96757E2A",
				"990C3FBFE866D51F28EA0C09",
				"764D1A90CCDF4FC8487C56BE",
				"E873BC05EC42C7F9658BF226",
				"5992847121101FAD07ABD545",
				"8788905DC559ED8794AE50A2",
				"F8BDB6C9C0FFDF4A1585A712",
				"B28745549218578EDCB1522C");
			name = "Sources";
			refType = 4;
		};
		7CABE3C80E79AD2B307756D2 = {
			isa = PBXGroup;
			children = (
				"B8DE722198EEEAA33A04FA71");
			name = "Sources [qmake]";
			refType = 4;
		};
		46E892BBB6BB6952967E0561 = {
			isa = PBXGroup;
			children = (
				"EE8026F064BD844CA3528D6F",
				"CEE609D3D86E1755AC8E0EE4",
				"C398263DF8C95028818F4FE6",
				"D59E32DFD91474474C349F2F",
				"D47B5F89E99C27126018DF8C");
			name = "Temporary Sources";
			refType = 4;
		};
		A0A52A2ADF7A1E2A99738674 = {
			buildActionMask = 2147483647;
			files = (
				);
			generatedFileNames = (
				"3609228A5739686D3B162500",
				"5979DE2181DA510F893D227D",
				"C705C0784C052D79AAD3179D",
				"6C35C8FD53FC8FB2A4FA0A41",
				"DFBBD41B5D9C6BF8BA0C329D",
				"E13421A2B0B2066B6F24326A",
				"7D74F5DAF897349E5611482E",
				"CAD9CA17808811522B1E58F5",
				"324DD8C11238BA3E6A9444A2",
				"AA5112362192405EA64492E4",
				"852245582C9D3C8059ACF783",
				"C7B7AAE8D250E8D7E4754525",
				"9E642F3E88AB4303366F5FC3",
				"72DD04910C2879B645824579",
				"83CB2BAF7FFCC1146CFF2C29");
			isa = PBXShellScriptBuildPhase;
			name = "Qt Preprocessors";
			neededFileNames = (
				"3609228A5739686D3B162500",
				"5979DE2181DA510F893D227D",
				"C705C0784C052D79AAD3179D",
				"6C35C8FD53FC8FB2A4FA0A41",
				"DFBBD41B5D9C6BF8BA0C329D",
				"E13421A2B0B2066B6F24326A",
				"7D74F5DAF897349E5611482E",
				"CAD9CA17808811522B1E58F5",
				"324DD8C11238BA3E6A9444A2",
				"AA5112362192405EA64492E4",
				"852245582C9D3C8059ACF783",
				"C7B7AAE8D250E8D7E4754525",
				"9E642F3E88AB4303366F5FC3",
				"72DD04910C2879B645824579",
				"83CB2BAF7FFCC1146CFF2C29");
			shellPath = "/bin/sh";
			shellScript = "make\ -C\ /Data/FEL/2009/LCLS_beamtime_09/xtc/offlinecass/cass\ -f\ cass.xcodeproj/qt_preprocess.mak";
		};
		C29B8785722055ED95EF7B57 = {
			buildActionMask = 2147483647;
			files = (
				"3609228A5739686D3B162500",
				"5979DE2181DA510F893D227D",
				"C705C0784C052D79AAD3179D",
				"6C35C8FD53FC8FB2A4FA0A41",
				"DFBBD41B5D9C6BF8BA0C329D",
				"E13421A2B0B2066B6F24326A",
				"7D74F5DAF897349E5611482E",
				"CAD9CA17808811522B1E58F5",
				"324DD8C11238BA3E6A9444A2",
				"AA5112362192405EA64492E4",
				"852245582C9D3C8059ACF783",
				"C7B7AAE8D250E8D7E4754525",
				"9E642F3E88AB4303366F5FC3",
				"72DD04910C2879B645824579",
				"83CB2BAF7FFCC1146CFF2C29");
			isa = PBXSourcesBuildPhase;
			name = "Build Sources";
		};
		476CEE2BF373A1DCA942B8F1 = {
			isa = PBXFileReference;
			name = "cass_remi";
			path = "../cass_remi/libcass_remi.a";
			refType = 4;
		};
		97B74819A52167F22091D854 = {
			fileRef = "476CEE2BF373A1DCA942B8F1";
			isa = PBXBuildFile;
			settings = {
			};
		};
		69952EF57E5DBA79A7981D28 = {
			isa = PBXFileReference;
			name = "cass_pnccd";
			path = "../cass_pnccd/libcass_pnccd.a";
			refType = 4;
		};
		D35D979276FF9A0B95022739 = {
			fileRef = "69952EF57E5DBA79A7981D28";
			isa = PBXBuildFile;
			settings = {
			};
		};
		847F41B38EE6587BB6C84DDD = {
			isa = PBXFileReference;
			name = "cass_vmi";
			path = "../cass_vmi/libcass_vmi.a";
			refType = 4;
		};
		DB68287FAE91FFE0CF08FEC5 = {
			fileRef = "847F41B38EE6587BB6C84DDD";
			isa = PBXBuildFile;
			settings = {
			};
		};
		5435216BA55109FA2918739D = {
			isa = PBXFileReference;
			name = "cass_machinedata";
			path = "../cass_machinedata/libcass_machinedata.a";
			refType = 4;
		};
		1B9506C54EC85643DFC911AC = {
			fileRef = "5435216BA55109FA2918739D";
			isa = PBXBuildFile;
			settings = {
			};
		};
		1E438022EB24EE99DDF95A5C = {
			isa = PBXFileReference;
			name = "acqdata";
			path = "/data/fel/2009/LCLS_beamtime_09/xtc/offlinecass/LCLS/build/pdsdata/lib/x86_64-Darwin/libacqdata.so";
			refType = 0;
		};
		2EF79FA58C933BC5E2429CFE = {
			fileRef = "1E438022EB24EE99DDF95A5C";
			isa = PBXBuildFile;
			settings = {
			};
		};
		F1F3F8E223D52FB28977958D = {
			isa = PBXFileReference;
			name = "xtcdata";
			path = "/data/fel/2009/LCLS_beamtime_09/xtc/offlinecass/LCLS/build/pdsdata/lib/x86_64-Darwin/libxtcdata.so";
			refType = 0;
		};
		E972637876341F24B200A283 = {
			fileRef = "F1F3F8E223D52FB28977958D";
			isa = PBXBuildFile;
			settings = {
			};
		};
		28043006B7C32769135BFBF0 = {
			isa = PBXFileReference;
			name = "pulnixdata";
			path = "/data/fel/2009/LCLS_beamtime_09/xtc/offlinecass/LCLS/build/pdsdata/lib/x86_64-Darwin/libpulnixdata.so";
			refType = 0;
		};
		52F8DC2D309CA094B1C76136 = {
			fileRef = "28043006B7C32769135BFBF0";
			isa = PBXBuildFile;
			settings = {
			};
		};
		25866D022319CB0C149A0732 = {
			isa = PBXFileReference;
			name = "camdata";
			path = "/data/fel/2009/LCLS_beamtime_09/xtc/offlinecass/LCLS/build/pdsdata/lib/x86_64-Darwin/libcamdata.so";
			refType = 0;
		};
		8D279C700413823179876B4A = {
			fileRef = "25866D022319CB0C149A0732";
			isa = PBXBuildFile;
			settings = {
			};
		};
		9B80B2C6C86682082A6F7F4E = {
			isa = PBXFileReference;
			name = "pnccddata";
			path = "/data/fel/2009/LCLS_beamtime_09/xtc/offlinecass/LCLS/build/pdsdata/lib/x86_64-Darwin/libpnccddata.so";
			refType = 0;
		};
		F5834F72499722A90A45F5E1 = {
			fileRef = "9B80B2C6C86682082A6F7F4E";
			isa = PBXBuildFile;
			settings = {
			};
		};
		9B36DA7E32F0304E780E7972 = {
			isa = PBXFrameworkReference;
			name = "QtGui.framework";
			path = "/Library/Frameworks/QtGui.framework";
			refType = 0;
		};
		501667F26B3C1FF6767A7C12 = {
			fileRef = "9B36DA7E32F0304E780E7972";
			isa = PBXBuildFile;
			settings = {
			};
		};
		7BC2E65A5E699A5E5D834CA2 = {
			isa = PBXFrameworkReference;
			name = "QtCore.framework";
			path = "/Library/Frameworks/QtCore.framework";
			refType = 0;
		};
		069D05B0128AE5DC7EE31738 = {
			fileRef = "7BC2E65A5E699A5E5D834CA2";
			isa = PBXBuildFile;
			settings = {
			};
		};
		ED1E82605DD74B483AF3C982 = {
			children = (
				"476CEE2BF373A1DCA942B8F1",
				"69952EF57E5DBA79A7981D28",
				"847F41B38EE6587BB6C84DDD",
				"5435216BA55109FA2918739D",
				"1E438022EB24EE99DDF95A5C",
				"F1F3F8E223D52FB28977958D",
				"28043006B7C32769135BFBF0",
				"25866D022319CB0C149A0732",
				"9B80B2C6C86682082A6F7F4E",
				"9B36DA7E32F0304E780E7972",
				"7BC2E65A5E699A5E5D834CA2");
			isa = PBXGroup;
			name = "External Frameworks and Libraries";
			path = "";
			refType = 4;
		};
		2A1043669E6E5A7426EA502A = {
			buildActionMask = 2147483647;
			files = (
				"97B74819A52167F22091D854",
				"D35D979276FF9A0B95022739",
				"DB68287FAE91FFE0CF08FEC5",
				"1B9506C54EC85643DFC911AC",
				"2EF79FA58C933BC5E2429CFE",
				"E972637876341F24B200A283",
				"52F8DC2D309CA094B1C76136",
				"8D279C700413823179876B4A",
				"F5834F72499722A90A45F5E1",
				"501667F26B3C1FF6767A7C12",
				"069D05B0128AE5DC7EE31738");
			isa = PBXFrameworksBuildPhase;
			name = "Frameworks & Libraries";
		};
		3787F99312C85FF0073FD7BA = {
			buildActionMask = 2147483647;
			files = (
			);
			isa = PBXResourcesBuildPhase;
			name = "Bundle Resources";
		};
		F6069D5A5DA8AA28EDB8B3C6 = {
			name = "Project Copy";
			buildActionMask = 2147483647;
			dstPath = "/Data/FEL/2009/LCLS_beamtime_09/xtc/offlinecass/cass";
			dstSubfolderSpec = 0;
			files = (
"07E0DFA73EB56DCB9E28CDD9");
			isa = PBXCopyFilesBuildPhase;
			runOnlyForDeploymentPostprocessing = 0;
		};
		07E0DFA73EB56DCB9E28CDD9 = {
			fileRef = "BBB290A9BDF132539B2878E1";
			isa = PBXBuildFile;
			settings = {
			};
		};
		05596AB53D8D521C69802C27 = {
			children = (
				"FB61758D0F0FDA4BA867C3D5",
				"46E892BBB6BB6952967E0561",
				"883D7615C4D2DE3FA1218F12",
				"7CABE3C80E79AD2B307756D2",
				"ED1E82605DD74B483AF3C982");
			isa = PBXGroup;
			name = "cass";
			path = "";
			refType = 4;
		};
		BBB290A9BDF132539B2878E1 = {
			isa = PBXFileReference;
			explicitFileType = "wrapper.application";
			path = "cass.app";
			refType = 3;
			sourceTree = BUILT_PRODUCTS_DIR;
		};
		068F80C7519D0528FB08E821 = {
			children = (
				"BBB290A9BDF132539B2878E1");
			isa = PBXGroup;
			name = "Products";
			refType = 4;
		};
		EF1DA856A2F41E51841C50AC = {
			buildPhases = (
				"D7BA7D76DAB5DD13389D6332",
				"A0A52A2ADF7A1E2A99738674",
				"F6069D5A5DA8AA28EDB8B3C6",
				"C29B8785722055ED95EF7B57",
				"2A1043669E6E5A7426EA502A",
				"3787F99312C85FF0073FD7BA");
			buildSettings = {
				HEADER_SEARCH_PATHS = (
					"/Library/Frameworks/QtCore.framework/Versions/4/Headers",
					"/usr/include/QtCore",
					"/Library/Frameworks/QtGui.framework/Versions/4/Headers",
					"/usr/include/QtGui",
					"/usr/include",
					".",
					"/data/fel/2009/LCLS_beamtime_09/xtc/offlinecass/LCLS",
					"../cass_remi",
					"../cass_remi/classes/event",
					"../cass_remi/classes/event/channel",
					"../cass_remi/classes/event/peak",
					"../cass_remi/classes/event/detector",
					"../cass_remi/classes/detektorhitsorter",
					"../cass_remi/classes/waveformanalyzer",
					"../cass_vmi",
					"../cass_vmi/classes/event",
					"../cass_pnccd",
					"../cass_pnccd/classes/event",
					"../cass_pnccd/classes/event/pnccd_detector",
					"../cass_pnccd/pnccd_lib",
					"../cass_machinedata",
					"../cass_machinedata/classes/event",
					"../../hdf5/include",
					".",
					"/usr/local/include",
					"/System/Library/Frameworks/CarbonCore.framework/Headers",
					"/usr/local/Qt4.6/mkspecs/macx-xcode");
				LIBRARY_SEARCH_PATHS = (
					"/Library/Frameworks",
					"../cass_remi",
					"/Data/FEL/2009/LCLS_beamtime_09/xtc/offlinecass/cass_remi",
					"/Library/Frameworks",
					"../cass_pnccd",
					"/Data/FEL/2009/LCLS_beamtime_09/xtc/offlinecass/cass_pnccd",
					"../cass_vmi",
					"/Data/FEL/2009/LCLS_beamtime_09/xtc/offlinecass/cass_vmi",
					"../cass_machinedata",
					"/Data/FEL/2009/LCLS_beamtime_09/xtc/offlinecass/cass_machinedata",
					"/data/fel/2009/LCLS_beamtime_09/xtc/offlinecass/LCLS/build/pdsdata/lib/x86_64-Darwin");
				OPTIMIZATION_CFLAGS = (
					);
				OTHER_CFLAGS = (
					"-pipe",
					"-g",
					"-Wall",
					"-W",
					"-DCASS_LIBRARY",
					"-DQT_GUI_LIB",
					"-DQT_CORE_LIB",
					"-DQT_SHARED");
				OTHER_CPLUSPLUSFLAGS = (
					"-pipe",
					"-g",
					"-Wall",
					"-W",
					"-DCASS_LIBRARY",
					"-DQT_GUI_LIB",
					"-DQT_CORE_LIB",
					"-DQT_SHARED");
				LEXFLAGS = "";
				YACCFLAGS = "-d";
				OTHER_REZFLAGS = "";
				SECTORDER_FLAGS = "";
				WARNING_CFLAGS = "";
				PREBINDING = NO;
				INFOPLIST_FILE = "Info.plist";
				BUILD_ROOT = "/Data/FEL/2009/LCLS_beamtime_09/xtc/offlinecass/cass";
				OTHER_LDFLAGS = (
						"-headerpad_max_install_names",
						"-Wl,-rpath,/data/fel/2009/LCLS_beamtime_09/xtc/offlinecass/LCLS/build/pdsdata/lib/x86_64-Darwin",
						"-all_load",
						"-L/Library/Frameworks",
						"-F/Library/Frameworks",
						"-L../cass_remi",
						"-L/Library/Frameworks",
						"-L../cass_pnccd",
						"-L../cass_vmi",
						"-L../cass_machinedata",
						"-L/data/fel/2009/LCLS_beamtime_09/xtc/offlinecass/LCLS/build/pdsdata/lib/x86_64-Darwin");
				DYLIB_CURRENT_VERSION = "0.0.1";
				DYLIB_COMPATIBILITY_VERSION = "0.0";
				MACOSX_DEPLOYMENT_TARGET = "10.4";
				PRODUCT_NAME = "cass";
			};
			conditionalBuildSettings = {
			};
			dependencies = (
				);
			productReference = "BBB290A9BDF132539B2878E1";
			shouldUseHeadermap = 1;
			isa = PBXNativeTarget;
			productType = "com.apple.product-type.application";
			productSettingsXML = "<?xml version=\"1.0\" encoding=\"UTF-8\"?>
<!DOCTYPE plist SYSTEM \"file://localhost/System/Library/DTDs/PropertyList.dtd\">
<plist version=\"0.9\">
<dict>
	<key>CFBundleIconFile</key>
	<string></string>
	<key>CFBundlePackageType</key>
	<string>APPL</string>
    <key>CFBundleGetInfoString</key>
	<string>Created by Qt/QMake</string>
	<key>CFBundleSignature</key>
	<string>????</string>
	<key>CFBundleExecutable</key>
	<string>cass</string>
	<key>CFBundleIdentifier</key>
	<string>com.yourcompany.cass</string>
	<key>NOTE</key>
	<string>This file was generated by Qt/QMake.</string>
</dict>
</plist>
";
			name = "cass";
			productName = "cass";
			startupPath = "<<ProjectDirectory>>";
		};
		8DB1DD96F65B1BF1FFC506E0 = {
			isa = XCBuildConfiguration;
			buildSettings = {
				COPY_PHASE_STRIP = "NO";
				GCC_GENERATE_DEBUGGING_SYMBOLS = "YES";
				GCC_OPTIMIZATION_LEVEL = "0";
			};
			name = "Debug";
		};
		2C641C3335766025DD51B7BD = {
			buildRules = (
				);
			buildSettings = {
				COPY_PHASE_STRIP = "NO";
				GCC_GENERATE_DEBUGGING_SYMBOLS = "YES";
				GCC_OPTIMIZATION_LEVEL = "0";
			};
			isa = "PBXBuildStyle";
			name = "Debug";
		};
		95E1EB2E5DDD587BE5B3E548 = {
			isa = XCBuildConfiguration;
			buildSettings = {
				COPY_PHASE_STRIP = "YES";
				GCC_GENERATE_DEBUGGING_SYMBOLS = "NO";
			};
			name = "Release";
		};
		26DE8D2AEA4B3714B41E931F = {
			buildRules = (
				);
			buildSettings = {
				COPY_PHASE_STRIP = "YES";
				GCC_GENERATE_DEBUGGING_SYMBOLS = "NO";
			};
			isa = "PBXBuildStyle";
			name = "Release";
		};
		2A951308CDB28F104D0A4BD2 = {
			isa = XCConfigurationList;
			buildConfigurations = (
				"8DB1DD96F65B1BF1FFC506E0",
				"95E1EB2E5DDD587BE5B3E548");
			defaultConfigurationIsVisible = 0;
			defaultConfigurationIsName = "Debug";
		};
		91B15E841AA80083484172DE = {
			buildStyles = (
				"2C641C3335766025DD51B7BD",
				"26DE8D2AEA4B3714B41E931F");
			hasScannedForEncodings = 1;
			isa = PBXProject;
			mainGroup = "05596AB53D8D521C69802C27";
			buildConfigurationList = "2A951308CDB28F104D0A4BD2";
			projectDirPath = "";
			targets = (
				"EF1DA856A2F41E51841C50AC");
		};
	};
	rootObject = "91B15E841AA80083484172DE";
}
